# generated by rye
# use `rye lock` or `rye sync` to update this lockfile
#
# last locked with the following flags:
#   pre: false
#   features: []
#   all-features: true
#   with-sources: true
#   generate-hashes: false
#   universal: false

--index-url https://pypi.org/simple/

-e file:.
click==8.1.7
    # via h2mm
colorama==0.4.6
    # via click
rarfile==4.2
    # via h2mm
tabulate==0.9.0
    # via h2mm
toml==0.10.2
    # via h2mm
wcwidth==0.2.13
    # via h2mm
